
Microsoft Visual Studio Solution File, Format Version 12.00
# Visual Studio Version 16
VisualStudioVersion = 16.0.31605.320
MinimumVisualStudioVersion = 10.0.40219.1
Project("{FAE04EC0-301F-11D3-BF4B-00C04F79EFBC}") = "SaeedPay76.Data", "SaeedPay76.Data\SaeedPay76.Data.csproj", "{8DE6A758-C343-4F7D-B2CD-161E1A80F961}"
EndProject
Project("{FAE04EC0-301F-11D3-BF4B-00C04F79EFBC}") = "SaeedPay76.Services", "SaeedPay76.Services\SaeedPay76.Services.csproj", "{BA49615E-2870-43D3-BCCF-A9A99204A019}"
EndProject
Project("{FAE04EC0-301F-11D3-BF4B-00C04F79EFBC}") = "SaeedPay76.Repo", "SaeedPay76.Repo\SaeedPay76.Repo.csproj", "{9CCA476F-BC1A-415B-9472-D552119F68ED}"
EndProject
Project("{FAE04EC0-301F-11D3-BF4B-00C04F79EFBC}") = "SaeedPay76.Common", "SaeedPay76.Common\SaeedPay76.Common.csproj", "{63C5AA88-3322-48C9-ADF8-67DDA85A4A34}"
EndProject
Project("{FAE04EC0-301F-11D3-BF4B-00C04F79EFBC}") = "SaeedPay76.presentation", "SaeedPay76.presentation\SaeedPay76.presentation.csproj", "{CA70234A-4547-4E6B-B37E-DE22B1F241EF}"
EndProject
Global
	GlobalSection(SolutionConfigurationPlatforms) = preSolution
		Debug|Any CPU = Debug|Any CPU
		Release|Any CPU = Release|Any CPU
	EndGlobalSection
	GlobalSection(ProjectConfigurationPlatforms) = postSolution
		{8DE6A758-C343-4F7D-B2CD-161E1A80F961}.Debug|Any CPU.ActiveCfg = Debug|Any CPU
		{8DE6A758-C343-4F7D-B2CD-161E1A80F961}.Debug|Any CPU.Build.0 = Debug|Any CPU
		{8DE6A758-C343-4F7D-B2CD-161E1A80F961}.Release|Any CPU.ActiveCfg = Release|Any CPU
		{8DE6A758-C343-4F7D-B2CD-161E1A80F961}.Release|Any CPU.Build.0 = Release|Any CPU
		{BA49615E-2870-43D3-BCCF-A9A99204A019}.Debug|Any CPU.ActiveCfg = Debug|Any CPU
		{BA49615E-2870-43D3-BCCF-A9A99204A019}.Debug|Any CPU.Build.0 = Debug|Any CPU
		{BA49615E-2870-43D3-BCCF-A9A99204A019}.Release|Any CPU.ActiveCfg = Release|Any CPU
		{BA49615E-2870-43D3-BCCF-A9A99204A019}.Release|Any CPU.Build.0 = Release|Any CPU
		{9CCA476F-BC1A-415B-9472-D552119F68ED}.Debug|Any CPU.ActiveCfg = Debug|Any CPU
		{9CCA476F-BC1A-415B-9472-D552119F68ED}.Debug|Any CPU.Build.0 = Debug|Any CPU
		{9CCA476F-BC1A-415B-9472-D552119F68ED}.Release|Any CPU.ActiveCfg = Release|Any CPU
		{9CCA476F-BC1A-415B-9472-D552119F68ED}.Release|Any CPU.Build.0 = Release|Any CPU
		{63C5AA88-3322-48C9-ADF8-67DDA85A4A34}.Debug|Any CPU.ActiveCfg = Debug|Any CPU
		{63C5AA88-3322-48C9-ADF8-67DDA85A4A34}.Debug|Any CPU.Build.0 = Debug|Any CPU
		{63C5AA88-3322-48C9-ADF8-67DDA85A4A34}.Release|Any CPU.ActiveCfg = Release|Any CPU
		{63C5AA88-3322-48C9-ADF8-67DDA85A4A34}.Release|Any CPU.Build.0 = Release|Any CPU
		{CA70234A-4547-4E6B-B37E-DE22B1F241EF}.Debug|Any CPU.ActiveCfg = Debug|Any CPU
		{CA70234A-4547-4E6B-B37E-DE22B1F241EF}.Debug|Any CPU.Build.0 = Debug|Any CPU
		{CA70234A-4547-4E6B-B37E-DE22B1F241EF}.Release|Any CPU.ActiveCfg = Release|Any CPU
		{CA70234A-4547-4E6B-B37E-DE22B1F241EF}.Release|Any CPU.Build.0 = Release|Any CPU
	EndGlobalSection
	GlobalSection(SolutionProperties) = preSolution
		HideSolutionNode = FALSE
	EndGlobalSection
	GlobalSection(ExtensibilityGlobals) = postSolution
		SolutionGuid = {9513C38E-DC1E-47BA-8F3D-357462DA700A}
	EndGlobalSection
EndGlobal
